
Microsoft Visual Studio Solution File, Format Version 12.00
# Visual Studio Version 17
VisualStudioVersion = 17.9.34902.65
MinimumVisualStudioVersion = 10.0.40219.1
Project("{FAE04EC0-301F-11D3-BF4B-00C04F79EFBC}") = "Diplom.WPF", "Diplom.WPF\Diplom.WPF.csproj", "{0FD15CC6-2714-4D65-8586-C44E77B4EC7C}"
EndProject
Global
	GlobalSection(SolutionConfigurationPlatforms) = preSolution
		Debug|Any CPU = Debug|Any CPU
		Release|Any CPU = Release|Any CPU
	EndGlobalSection
	GlobalSection(ProjectConfigurationPlatforms) = postSolution
		{0FD15CC6-2714-4D65-8586-C44E77B4EC7C}.Debug|Any CPU.ActiveCfg = Debug|Any CPU
		{0FD15CC6-2714-4D65-8586-C44E77B4EC7C}.Debug|Any CPU.Build.0 = Debug|Any CPU
		{0FD15CC6-2714-4D65-8586-C44E77B4EC7C}.Release|Any CPU.ActiveCfg = Release|Any CPU
		{0FD15CC6-2714-4D65-8586-C44E77B4EC7C}.Release|Any CPU.Build.0 = Release|Any CPU
	EndGlobalSection
	GlobalSection(SolutionProperties) = preSolution
		HideSolutionNode = FALSE
	EndGlobalSection
	GlobalSection(ExtensibilityGlobals) = postSolution
		SolutionGuid = {7E2F2B0F-A4FF-4E22-AB82-BE31AA43DBA8}
	EndGlobalSection
EndGlobal
